{
  "name": "firebase-helpers",
  "version": "0.1.0",
  "lockfileVersion": 3,
  "requires": true,
  "packages": {
    "": {
      "name": "firebase-helpers",
      "version": "0.1.0",
      "license": "MIT",
      "dependencies": {
        "@trullock/pubsub": "^2.4.0"
      }
    },
    "node_modules/@trullock/pubsub": {
      "version": "2.4.0",
      "resolved": "https://registry.npmjs.org/@trullock/pubsub/-/pubsub-2.4.0.tgz",
      "integrity": "sha512-UiWSuU7oSZUM63BkAhWNZrmMbCRJJcaJkEV1F6NtuR3z+gXsZjAGOhG4/nywCpKxkq3kf/BFSlYH89Udq12v/g==",
      "license": "ISC"
    }
  }
}
